
Microsoft Visual Studio Solution File, Format Version 12.00
# Visual Studio Version 16
VisualStudioVersion = 16.0.32002.261
MinimumVisualStudioVersion = 10.0.40219.1
Project("{FAE04EC0-301F-11D3-BF4B-00C04F79EFBC}") = "ConsoleApp27", "ConsoleApp27.csproj", "{B044EE6A-EB41-47B8-B236-8AF01281AF4E}"
EndProject
Global
	GlobalSection(SolutionConfigurationPlatforms) = preSolution
		Debug|Any CPU = Debug|Any CPU
		Release|Any CPU = Release|Any CPU
	EndGlobalSection
	GlobalSection(ProjectConfigurationPlatforms) = postSolution
		{B044EE6A-EB41-47B8-B236-8AF01281AF4E}.Debug|Any CPU.ActiveCfg = Debug|Any CPU
		{B044EE6A-EB41-47B8-B236-8AF01281AF4E}.Debug|Any CPU.Build.0 = Debug|Any CPU
		{B044EE6A-EB41-47B8-B236-8AF01281AF4E}.Release|Any CPU.ActiveCfg = Release|Any CPU
		{B044EE6A-EB41-47B8-B236-8AF01281AF4E}.Release|Any CPU.Build.0 = Release|Any CPU
	EndGlobalSection
	GlobalSection(SolutionProperties) = preSolution
		HideSolutionNode = FALSE
	EndGlobalSection
	GlobalSection(ExtensibilityGlobals) = postSolution
		SolutionGuid = {4EDCC4C0-A1C9-4D11-8438-3D9D6DFBB0A2}
	EndGlobalSection
EndGlobal
